
Microsoft Visual Studio Solution File, Format Version 12.00
# Visual Studio 2012
Project("{2150E333-8FDC-42A3-9474-1A3956D46DE8}") = "Tools", "Tools", "{798DFAAA-898A-4560-A437-B806DEF82EF6}"
EndProject
Project("{2150E333-8FDC-42A3-9474-1A3956D46DE8}") = "Solution Items", "Solution Items", "{4EB8FF93-4874-49FB-8C5E-103E7DF0CB85}"
	ProjectSection(SolutionItems) = preProject
		CONTRIBUTORS = CONTRIBUTORS
		FILE_LICENSE.txt = FILE_LICENSE.txt
		NOTICE = NOTICE
	EndProjectSection
EndProject
Project("{2150E333-8FDC-42A3-9474-1A3956D46DE8}") = "Testing", "Testing", "{C56A71ED-BEC6-488E-9B9B-648016583C6A}"
EndProject
Project("{2150E333-8FDC-42A3-9474-1A3956D46DE8}") = "NUnit", "NUnit", "{AEF44519-E7F1-4299-8FD9-33FB506511AB}"
EndProject
Project("{2150E333-8FDC-42A3-9474-1A3956D46DE8}") = "Manual", "Manual", "{1D6946A6-ABC2-42FA-A951-6F79171A6947}"
EndProject
Project("{2150E333-8FDC-42A3-9474-1A3956D46DE8}") = "lib", "lib", "{CAD758F0-668E-45BB-81E8-BD7CD1352098}"
	ProjectSection(SolutionItems) = preProject
		lib\ab.exe = lib\ab.exe
		lib\closure-compiler\compiler.jar = lib\closure-compiler\compiler.jar
		lib\closure-compiler\COPYING = lib\closure-compiler\COPYING
		lib\nunit.framework.dll = lib\nunit.framework.dll
		lib\closure-compiler\README.md = lib\closure-compiler\README.md
	EndProjectSection
EndProject
Project("{2150E333-8FDC-42A3-9474-1A3956D46DE8}") = "Providers", "Providers", "{36DFA4B7-6AE7-4AC8-8E71-0AE81ACD8BAF}"
EndProject
Project("{FAE04EC0-301F-11D3-BF4B-00C04F79EFBC}") = "NFX", "NFX\NFX.csproj", "{E6BFA4D5-D2BE-4BE1-80FE-4536A22F5C45}"
	ProjectSection(ProjectDependencies) = postProject
		{BE7C8F73-99EF-4294-82BF-234409CB093F} = {BE7C8F73-99EF-4294-82BF-234409CB093F}
	EndProjectSection
EndProject
Project("{FAE04EC0-301F-11D3-BF4B-00C04F79EFBC}") = "delbydate", "Tools\delbydate\delbydate.csproj", "{CC036A4B-B033-4B64-A4AF-16580F017655}"
EndProject
Project("{FAE04EC0-301F-11D3-BF4B-00C04F79EFBC}") = "getdatetime", "Tools\getdatetime\getdatetime.csproj", "{72820E67-A7E0-431B-94C1-5A3321D59B43}"
EndProject
Project("{FAE04EC0-301F-11D3-BF4B-00C04F79EFBC}") = "licupd", "Tools\licupd\licupd.csproj", "{01FB9EA6-9A60-4017-9A8F-E1F472B49B04}"
EndProject
Project("{FAE04EC0-301F-11D3-BF4B-00C04F79EFBC}") = "ConsoleTest", "Testing\Manual\ConsoleTest\ConsoleTest.csproj", "{53E6B8C8-FD3B-4E3E-8F4B-767E6137A7FA}"
EndProject
Project("{FAE04EC0-301F-11D3-BF4B-00C04F79EFBC}") = "NFX.WinForms", "NFX.WinForms\NFX.WinForms.csproj", "{37B81F10-4FFB-48FF-8D95-C599C667C87F}"
EndProject
Project("{FAE04EC0-301F-11D3-BF4B-00C04F79EFBC}") = "WinFormsTest", "Testing\Manual\WinFormsTest\WinFormsTest.csproj", "{19FB4FE1-60E4-4A7A-A995-5A64A1269E55}"
EndProject
Project("{FAE04EC0-301F-11D3-BF4B-00C04F79EFBC}") = "NFX.NUnit", "Testing\NUnit\NFX.NUnit\NFX.NUnit.csproj", "{4559002E-3388-4D9B-9257-0F75A9A23860}"
EndProject
Project("{FAE04EC0-301F-11D3-BF4B-00C04F79EFBC}") = "NFX.Web", "NFX.Web\NFX.Web.csproj", "{5C5A10CB-9CA3-460F-B288-5E07BC6CEB0F}"
	ProjectSection(ProjectDependencies) = postProject
		{63F5FE0F-0C8B-431E-B91C-B35CBDC2A6B6} = {63F5FE0F-0C8B-431E-B91C-B35CBDC2A6B6}
	EndProjectSection
EndProject
Project("{FAE04EC0-301F-11D3-BF4B-00C04F79EFBC}") = "NFX.MongoDB", "Providers\NFX.MongoDB\NFX.MongoDB.csproj", "{A7A57929-F847-4E9D-8354-D2318D2E2617}"
EndProject
Project("{FAE04EC0-301F-11D3-BF4B-00C04F79EFBC}") = "NFX.MySQL", "Providers\NFX.MySQL\NFX.MySQL.csproj", "{A78DC3EC-7539-425E-81B4-F3BAB71C7E21}"
EndProject
Project("{FAE04EC0-301F-11D3-BF4B-00C04F79EFBC}") = "inventory", "Tools\inventory\inventory.csproj", "{96B0F8E3-2337-4993-99FF-AF7E7AF35019}"
EndProject
Project("{FAE04EC0-301F-11D3-BF4B-00C04F79EFBC}") = "ntc", "Tools\ntc\ntc.csproj", "{63F5FE0F-0C8B-431E-B91C-B35CBDC2A6B6}"
EndProject
Project("{FAE04EC0-301F-11D3-BF4B-00C04F79EFBC}") = "gluec", "Tools\gluec\gluec.csproj", "{02146541-F9EB-4B52-8235-BED2F195FC92}"
EndProject
Project("{FAE04EC0-301F-11D3-BF4B-00C04F79EFBC}") = "phash", "Tools\phash\phash.csproj", "{67CEE3EC-FD2E-4C96-B896-565A11CC550A}"
EndProject
Project("{FAE04EC0-301F-11D3-BF4B-00C04F79EFBC}") = "rsc", "Tools\rsc\rsc.csproj", "{0E72F81E-9735-4F1F-B137-606AC348FA96}"
EndProject
Project("{FAE04EC0-301F-11D3-BF4B-00C04F79EFBC}") = "NFX.NUnit.Integration", "Testing\NUnit\NFX.NUnit.Integration\NFX.NUnit.Integration.csproj", "{BA643D74-34D9-4984-9B35-90EF028D48FE}"
EndProject
Project("{FAE04EC0-301F-11D3-BF4B-00C04F79EFBC}") = "TestServer", "Testing\TestServer\TestServer.csproj", "{8FE92E32-CB26-442E-9F9D-FCDEB651C632}"
EndProject
Project("{FAE04EC0-301F-11D3-BF4B-00C04F79EFBC}") = "BusinessLogic", "Testing\BusinessLogic\BusinessLogic.csproj", "{8E86D57D-6C9F-491C-AAEF-75B9E96840D4}"
EndProject
Project("{FAE04EC0-301F-11D3-BF4B-00C04F79EFBC}") = "ErlangNode", "Testing\Manual\ErlangNode\ErlangNode.csproj", "{25831B56-6117-421F-83B0-9304F95C3AED}"
EndProject
Project("{FAE04EC0-301F-11D3-BF4B-00C04F79EFBC}") = "TelemetryViewer", "Tools\TelemetryViewer\TelemetryViewer.csproj", "{7CD13EB0-1995-4DD4-B473-DF4C7045C4B4}"
EndProject
Project("{FAE04EC0-301F-11D3-BF4B-00C04F79EFBC}") = "NFX.Wave", "NFX.Wave\NFX.Wave.csproj", "{247F9980-3F58-42BD-B261-E23A75DFC3B5}"
	ProjectSection(ProjectDependencies) = postProject
		{63F5FE0F-0C8B-431E-B91C-B35CBDC2A6B6} = {63F5FE0F-0C8B-431E-B91C-B35CBDC2A6B6}
	EndProjectSection
EndProject
Project("{FAE04EC0-301F-11D3-BF4B-00C04F79EFBC}") = "WaveTestSite", "Testing\Manual\WaveTestSite\WaveTestSite.csproj", "{032E1188-78DD-48EC-8711-792500D7B9E8}"
	ProjectSection(ProjectDependencies) = postProject
		{63F5FE0F-0C8B-431E-B91C-B35CBDC2A6B6} = {63F5FE0F-0C8B-431E-B91C-B35CBDC2A6B6}
	EndProjectSection
EndProject
Project("{FAE04EC0-301F-11D3-BF4B-00C04F79EFBC}") = "NFX.MsSQL", "Providers\NFX.MsSQL\NFX.MsSQL.csproj", "{EEE0C836-89F7-468F-99C1-330278618A4F}"
EndProject
Project("{2150E333-8FDC-42A3-9474-1A3956D46DE8}") = "closure-compiler", "closure-compiler", "{5526FC49-51F3-4A15-983C-39E8D5BB3849}"
	ProjectSection(SolutionItems) = preProject
		lib\closure-compiler\compiler.jar = lib\closure-compiler\compiler.jar
		lib\closure-compiler\COPYING = lib\closure-compiler\COPYING
		lib\closure-compiler\README.md = lib\closure-compiler\README.md
	EndProjectSection
EndProject
Project("{FAE04EC0-301F-11D3-BF4B-00C04F79EFBC}") = "buildinfo", "Tools\buildinfo\buildinfo.csproj", "{BE7C8F73-99EF-4294-82BF-234409CB093F}"
EndProject
Global
	GlobalSection(SubversionScc) = preSolution
		Svn-Managed = True
		Manager = AnkhSVN - Subversion Support for Visual Studio
	EndGlobalSection
	GlobalSection(SolutionConfigurationPlatforms) = preSolution
		Debug|Any CPU = Debug|Any CPU
		Release|Any CPU = Release|Any CPU
	EndGlobalSection
	GlobalSection(ProjectConfigurationPlatforms) = postSolution
		{E6BFA4D5-D2BE-4BE1-80FE-4536A22F5C45}.Debug|Any CPU.ActiveCfg = Debug|Any CPU
		{E6BFA4D5-D2BE-4BE1-80FE-4536A22F5C45}.Debug|Any CPU.Build.0 = Debug|Any CPU
		{E6BFA4D5-D2BE-4BE1-80FE-4536A22F5C45}.Release|Any CPU.ActiveCfg = Release|Any CPU
		{E6BFA4D5-D2BE-4BE1-80FE-4536A22F5C45}.Release|Any CPU.Build.0 = Release|Any CPU
		{CC036A4B-B033-4B64-A4AF-16580F017655}.Debug|Any CPU.ActiveCfg = Debug|Any CPU
		{CC036A4B-B033-4B64-A4AF-16580F017655}.Debug|Any CPU.Build.0 = Debug|Any CPU
		{CC036A4B-B033-4B64-A4AF-16580F017655}.Release|Any CPU.ActiveCfg = Release|Any CPU
		{CC036A4B-B033-4B64-A4AF-16580F017655}.Release|Any CPU.Build.0 = Release|Any CPU
		{72820E67-A7E0-431B-94C1-5A3321D59B43}.Debug|Any CPU.ActiveCfg = Debug|Any CPU
		{72820E67-A7E0-431B-94C1-5A3321D59B43}.Debug|Any CPU.Build.0 = Debug|Any CPU
		{72820E67-A7E0-431B-94C1-5A3321D59B43}.Release|Any CPU.ActiveCfg = Release|Any CPU
		{72820E67-A7E0-431B-94C1-5A3321D59B43}.Release|Any CPU.Build.0 = Release|Any CPU
		{01FB9EA6-9A60-4017-9A8F-E1F472B49B04}.Debug|Any CPU.ActiveCfg = Debug|Any CPU
		{01FB9EA6-9A60-4017-9A8F-E1F472B49B04}.Debug|Any CPU.Build.0 = Debug|Any CPU
		{01FB9EA6-9A60-4017-9A8F-E1F472B49B04}.Release|Any CPU.ActiveCfg = Release|Any CPU
		{01FB9EA6-9A60-4017-9A8F-E1F472B49B04}.Release|Any CPU.Build.0 = Release|Any CPU
		{53E6B8C8-FD3B-4E3E-8F4B-767E6137A7FA}.Debug|Any CPU.ActiveCfg = Debug|Any CPU
		{53E6B8C8-FD3B-4E3E-8F4B-767E6137A7FA}.Debug|Any CPU.Build.0 = Debug|Any CPU
		{53E6B8C8-FD3B-4E3E-8F4B-767E6137A7FA}.Release|Any CPU.ActiveCfg = Release|Any CPU
		{53E6B8C8-FD3B-4E3E-8F4B-767E6137A7FA}.Release|Any CPU.Build.0 = Release|Any CPU
		{37B81F10-4FFB-48FF-8D95-C599C667C87F}.Debug|Any CPU.ActiveCfg = Debug|Any CPU
		{37B81F10-4FFB-48FF-8D95-C599C667C87F}.Debug|Any CPU.Build.0 = Debug|Any CPU
		{37B81F10-4FFB-48FF-8D95-C599C667C87F}.Release|Any CPU.ActiveCfg = Release|Any CPU
		{37B81F10-4FFB-48FF-8D95-C599C667C87F}.Release|Any CPU.Build.0 = Release|Any CPU
		{19FB4FE1-60E4-4A7A-A995-5A64A1269E55}.Debug|Any CPU.ActiveCfg = Debug|Any CPU
		{19FB4FE1-60E4-4A7A-A995-5A64A1269E55}.Debug|Any CPU.Build.0 = Debug|Any CPU
		{19FB4FE1-60E4-4A7A-A995-5A64A1269E55}.Release|Any CPU.ActiveCfg = Release|Any CPU
		{19FB4FE1-60E4-4A7A-A995-5A64A1269E55}.Release|Any CPU.Build.0 = Release|Any CPU
		{4559002E-3388-4D9B-9257-0F75A9A23860}.Debug|Any CPU.ActiveCfg = Debug|Any CPU
		{4559002E-3388-4D9B-9257-0F75A9A23860}.Debug|Any CPU.Build.0 = Debug|Any CPU
		{4559002E-3388-4D9B-9257-0F75A9A23860}.Release|Any CPU.ActiveCfg = Release|Any CPU
		{4559002E-3388-4D9B-9257-0F75A9A23860}.Release|Any CPU.Build.0 = Release|Any CPU
		{5C5A10CB-9CA3-460F-B288-5E07BC6CEB0F}.Debug|Any CPU.ActiveCfg = Debug|Any CPU
		{5C5A10CB-9CA3-460F-B288-5E07BC6CEB0F}.Debug|Any CPU.Build.0 = Debug|Any CPU
		{5C5A10CB-9CA3-460F-B288-5E07BC6CEB0F}.Release|Any CPU.ActiveCfg = Release|Any CPU
		{5C5A10CB-9CA3-460F-B288-5E07BC6CEB0F}.Release|Any CPU.Build.0 = Release|Any CPU
		{A7A57929-F847-4E9D-8354-D2318D2E2617}.Debug|Any CPU.ActiveCfg = Debug|Any CPU
		{A7A57929-F847-4E9D-8354-D2318D2E2617}.Debug|Any CPU.Build.0 = Debug|Any CPU
		{A7A57929-F847-4E9D-8354-D2318D2E2617}.Release|Any CPU.ActiveCfg = Release|Any CPU
		{A7A57929-F847-4E9D-8354-D2318D2E2617}.Release|Any CPU.Build.0 = Release|Any CPU
		{A78DC3EC-7539-425E-81B4-F3BAB71C7E21}.Debug|Any CPU.ActiveCfg = Debug|Any CPU
		{A78DC3EC-7539-425E-81B4-F3BAB71C7E21}.Debug|Any CPU.Build.0 = Debug|Any CPU
		{A78DC3EC-7539-425E-81B4-F3BAB71C7E21}.Release|Any CPU.ActiveCfg = Release|Any CPU
		{A78DC3EC-7539-425E-81B4-F3BAB71C7E21}.Release|Any CPU.Build.0 = Release|Any CPU
		{96B0F8E3-2337-4993-99FF-AF7E7AF35019}.Debug|Any CPU.ActiveCfg = Debug|Any CPU
		{96B0F8E3-2337-4993-99FF-AF7E7AF35019}.Debug|Any CPU.Build.0 = Debug|Any CPU
		{96B0F8E3-2337-4993-99FF-AF7E7AF35019}.Release|Any CPU.ActiveCfg = Release|Any CPU
		{96B0F8E3-2337-4993-99FF-AF7E7AF35019}.Release|Any CPU.Build.0 = Release|Any CPU
		{63F5FE0F-0C8B-431E-B91C-B35CBDC2A6B6}.Debug|Any CPU.ActiveCfg = Debug|Any CPU
		{63F5FE0F-0C8B-431E-B91C-B35CBDC2A6B6}.Debug|Any CPU.Build.0 = Debug|Any CPU
		{63F5FE0F-0C8B-431E-B91C-B35CBDC2A6B6}.Release|Any CPU.ActiveCfg = Release|Any CPU
		{63F5FE0F-0C8B-431E-B91C-B35CBDC2A6B6}.Release|Any CPU.Build.0 = Release|Any CPU
		{02146541-F9EB-4B52-8235-BED2F195FC92}.Debug|Any CPU.ActiveCfg = Debug|Any CPU
		{02146541-F9EB-4B52-8235-BED2F195FC92}.Debug|Any CPU.Build.0 = Debug|Any CPU
		{02146541-F9EB-4B52-8235-BED2F195FC92}.Release|Any CPU.ActiveCfg = Release|Any CPU
		{02146541-F9EB-4B52-8235-BED2F195FC92}.Release|Any CPU.Build.0 = Release|Any CPU
		{67CEE3EC-FD2E-4C96-B896-565A11CC550A}.Debug|Any CPU.ActiveCfg = Debug|Any CPU
		{67CEE3EC-FD2E-4C96-B896-565A11CC550A}.Debug|Any CPU.Build.0 = Debug|Any CPU
		{67CEE3EC-FD2E-4C96-B896-565A11CC550A}.Release|Any CPU.ActiveCfg = Release|Any CPU
		{67CEE3EC-FD2E-4C96-B896-565A11CC550A}.Release|Any CPU.Build.0 = Release|Any CPU
		{0E72F81E-9735-4F1F-B137-606AC348FA96}.Debug|Any CPU.ActiveCfg = Debug|Any CPU
		{0E72F81E-9735-4F1F-B137-606AC348FA96}.Debug|Any CPU.Build.0 = Debug|Any CPU
		{0E72F81E-9735-4F1F-B137-606AC348FA96}.Release|Any CPU.ActiveCfg = Release|Any CPU
		{0E72F81E-9735-4F1F-B137-606AC348FA96}.Release|Any CPU.Build.0 = Release|Any CPU
		{BA643D74-34D9-4984-9B35-90EF028D48FE}.Debug|Any CPU.ActiveCfg = Debug|Any CPU
		{BA643D74-34D9-4984-9B35-90EF028D48FE}.Debug|Any CPU.Build.0 = Debug|Any CPU
		{BA643D74-34D9-4984-9B35-90EF028D48FE}.Release|Any CPU.ActiveCfg = Release|Any CPU
		{BA643D74-34D9-4984-9B35-90EF028D48FE}.Release|Any CPU.Build.0 = Release|Any CPU
		{8FE92E32-CB26-442E-9F9D-FCDEB651C632}.Debug|Any CPU.ActiveCfg = Debug|Any CPU
		{8FE92E32-CB26-442E-9F9D-FCDEB651C632}.Debug|Any CPU.Build.0 = Debug|Any CPU
		{8FE92E32-CB26-442E-9F9D-FCDEB651C632}.Release|Any CPU.ActiveCfg = Release|Any CPU
		{8FE92E32-CB26-442E-9F9D-FCDEB651C632}.Release|Any CPU.Build.0 = Release|Any CPU
		{8E86D57D-6C9F-491C-AAEF-75B9E96840D4}.Debug|Any CPU.ActiveCfg = Debug|Any CPU
		{8E86D57D-6C9F-491C-AAEF-75B9E96840D4}.Debug|Any CPU.Build.0 = Debug|Any CPU
		{8E86D57D-6C9F-491C-AAEF-75B9E96840D4}.Release|Any CPU.ActiveCfg = Release|Any CPU
		{8E86D57D-6C9F-491C-AAEF-75B9E96840D4}.Release|Any CPU.Build.0 = Release|Any CPU
		{25831B56-6117-421F-83B0-9304F95C3AED}.Debug|Any CPU.ActiveCfg = Debug|Any CPU
		{25831B56-6117-421F-83B0-9304F95C3AED}.Debug|Any CPU.Build.0 = Debug|Any CPU
		{25831B56-6117-421F-83B0-9304F95C3AED}.Release|Any CPU.ActiveCfg = Release|Any CPU
		{25831B56-6117-421F-83B0-9304F95C3AED}.Release|Any CPU.Build.0 = Release|Any CPU
		{7CD13EB0-1995-4DD4-B473-DF4C7045C4B4}.Debug|Any CPU.ActiveCfg = Debug|Any CPU
		{7CD13EB0-1995-4DD4-B473-DF4C7045C4B4}.Debug|Any CPU.Build.0 = Debug|Any CPU
		{7CD13EB0-1995-4DD4-B473-DF4C7045C4B4}.Release|Any CPU.ActiveCfg = Release|Any CPU
		{7CD13EB0-1995-4DD4-B473-DF4C7045C4B4}.Release|Any CPU.Build.0 = Release|Any CPU
		{247F9980-3F58-42BD-B261-E23A75DFC3B5}.Debug|Any CPU.ActiveCfg = Debug|Any CPU
		{247F9980-3F58-42BD-B261-E23A75DFC3B5}.Debug|Any CPU.Build.0 = Debug|Any CPU
		{247F9980-3F58-42BD-B261-E23A75DFC3B5}.Release|Any CPU.ActiveCfg = Release|Any CPU
		{247F9980-3F58-42BD-B261-E23A75DFC3B5}.Release|Any CPU.Build.0 = Release|Any CPU
		{032E1188-78DD-48EC-8711-792500D7B9E8}.Debug|Any CPU.ActiveCfg = Debug|Any CPU
		{032E1188-78DD-48EC-8711-792500D7B9E8}.Debug|Any CPU.Build.0 = Debug|Any CPU
		{032E1188-78DD-48EC-8711-792500D7B9E8}.Release|Any CPU.ActiveCfg = Release|Any CPU
		{032E1188-78DD-48EC-8711-792500D7B9E8}.Release|Any CPU.Build.0 = Release|Any CPU
		{EEE0C836-89F7-468F-99C1-330278618A4F}.Debug|Any CPU.ActiveCfg = Debug|Any CPU
		{EEE0C836-89F7-468F-99C1-330278618A4F}.Debug|Any CPU.Build.0 = Debug|Any CPU
		{EEE0C836-89F7-468F-99C1-330278618A4F}.Release|Any CPU.ActiveCfg = Release|Any CPU
		{EEE0C836-89F7-468F-99C1-330278618A4F}.Release|Any CPU.Build.0 = Release|Any CPU
		{BE7C8F73-99EF-4294-82BF-234409CB093F}.Debug|Any CPU.ActiveCfg = Debug|Any CPU
		{BE7C8F73-99EF-4294-82BF-234409CB093F}.Debug|Any CPU.Build.0 = Debug|Any CPU
		{BE7C8F73-99EF-4294-82BF-234409CB093F}.Release|Any CPU.ActiveCfg = Release|Any CPU
		{BE7C8F73-99EF-4294-82BF-234409CB093F}.Release|Any CPU.Build.0 = Release|Any CPU
	EndGlobalSection
	GlobalSection(SolutionProperties) = preSolution
		HideSolutionNode = FALSE
	EndGlobalSection
	GlobalSection(NestedProjects) = preSolution
		{CC036A4B-B033-4B64-A4AF-16580F017655} = {798DFAAA-898A-4560-A437-B806DEF82EF6}
		{72820E67-A7E0-431B-94C1-5A3321D59B43} = {798DFAAA-898A-4560-A437-B806DEF82EF6}
		{01FB9EA6-9A60-4017-9A8F-E1F472B49B04} = {798DFAAA-898A-4560-A437-B806DEF82EF6}
		{96B0F8E3-2337-4993-99FF-AF7E7AF35019} = {798DFAAA-898A-4560-A437-B806DEF82EF6}
		{63F5FE0F-0C8B-431E-B91C-B35CBDC2A6B6} = {798DFAAA-898A-4560-A437-B806DEF82EF6}
		{02146541-F9EB-4B52-8235-BED2F195FC92} = {798DFAAA-898A-4560-A437-B806DEF82EF6}
		{67CEE3EC-FD2E-4C96-B896-565A11CC550A} = {798DFAAA-898A-4560-A437-B806DEF82EF6}
		{0E72F81E-9735-4F1F-B137-606AC348FA96} = {798DFAAA-898A-4560-A437-B806DEF82EF6}
		{7CD13EB0-1995-4DD4-B473-DF4C7045C4B4} = {798DFAAA-898A-4560-A437-B806DEF82EF6}
		{BE7C8F73-99EF-4294-82BF-234409CB093F} = {798DFAAA-898A-4560-A437-B806DEF82EF6}
		{AEF44519-E7F1-4299-8FD9-33FB506511AB} = {C56A71ED-BEC6-488E-9B9B-648016583C6A}
		{1D6946A6-ABC2-42FA-A951-6F79171A6947} = {C56A71ED-BEC6-488E-9B9B-648016583C6A}
		{8FE92E32-CB26-442E-9F9D-FCDEB651C632} = {C56A71ED-BEC6-488E-9B9B-648016583C6A}
		{8E86D57D-6C9F-491C-AAEF-75B9E96840D4} = {C56A71ED-BEC6-488E-9B9B-648016583C6A}
		{4559002E-3388-4D9B-9257-0F75A9A23860} = {AEF44519-E7F1-4299-8FD9-33FB506511AB}
		{BA643D74-34D9-4984-9B35-90EF028D48FE} = {AEF44519-E7F1-4299-8FD9-33FB506511AB}
		{53E6B8C8-FD3B-4E3E-8F4B-767E6137A7FA} = {1D6946A6-ABC2-42FA-A951-6F79171A6947}
		{19FB4FE1-60E4-4A7A-A995-5A64A1269E55} = {1D6946A6-ABC2-42FA-A951-6F79171A6947}
		{25831B56-6117-421F-83B0-9304F95C3AED} = {1D6946A6-ABC2-42FA-A951-6F79171A6947}
		{032E1188-78DD-48EC-8711-792500D7B9E8} = {1D6946A6-ABC2-42FA-A951-6F79171A6947}
		{5526FC49-51F3-4A15-983C-39E8D5BB3849} = {CAD758F0-668E-45BB-81E8-BD7CD1352098}
		{A7A57929-F847-4E9D-8354-D2318D2E2617} = {36DFA4B7-6AE7-4AC8-8E71-0AE81ACD8BAF}
		{A78DC3EC-7539-425E-81B4-F3BAB71C7E21} = {36DFA4B7-6AE7-4AC8-8E71-0AE81ACD8BAF}
		{EEE0C836-89F7-468F-99C1-330278618A4F} = {36DFA4B7-6AE7-4AC8-8E71-0AE81ACD8BAF}
	EndGlobalSection
EndGlobal
